
Microsoft Visual Studio Solution File, Format Version 12.00
# Visual Studio Version 17
VisualStudioVersion = 17.14.37710.0
MinimumVisualStudioVersion = 10.0.40219.1
Project("{FAE04EC0-301F-11D3-BF4B-00C04F79EFBC}") = "WinFormsApp1", "WinFormsApp1\WinFormsApp1.csproj", "{5CA9226F-301D-499C-B819-DFBD482B4BFF}"
EndProject
Project("{FAE04EC0-301F-11D3-BF4B-00C04F79EFBC}") = "PictureViewer", "PictureViewer\PictureViewer.csproj", "{B8341743-10AB-4100-820D-1D2B55490E28}"
EndProject
Project("{FAE04EC0-301F-11D3-BF4B-00C04F79EFBC}") = "Laberinto", "Laberinto\Laberinto.csproj", "{AC8654C2-14A5-4033-8B27-A5759C5312F9}"
EndProject
Project("{FAE04EC0-301F-11D3-BF4B-00C04F79EFBC}") = "Prueba Matemática", "Prueba Matemática\Prueba Matemática.csproj", "{5E92AEC5-3C5E-4568-82E3-6A41EAB7FB3C}"
EndProject
Project("{FAE04EC0-301F-11D3-BF4B-00C04F79EFBC}") = "Matching Game", "Matching Game\Matching Game.csproj", "{7C860E6B-EC32-4323-A4CD-824675C23C5C}"
EndProject
Project("{F184B08F-C81C-45F6-A57F-5ABD9991F28F}") = "Calculadora+", "Calculadora+\Calculadora+.vbproj", "{56BB1177-5A32-422F-8F2E-493B9DC4719F}"
EndProject
Global
	GlobalSection(SolutionConfigurationPlatforms) = preSolution
		Debug|Any CPU = Debug|Any CPU
		Release|Any CPU = Release|Any CPU
	EndGlobalSection
	GlobalSection(ProjectConfigurationPlatforms) = postSolution
		{5CA9226F-301D-499C-B819-DFBD482B4BFF}.Debug|Any CPU.ActiveCfg = Debug|Any CPU
		{5CA9226F-301D-499C-B819-DFBD482B4BFF}.Debug|Any CPU.Build.0 = Debug|Any CPU
		{5CA9226F-301D-499C-B819-DFBD482B4BFF}.Release|Any CPU.ActiveCfg = Release|Any CPU
		{5CA9226F-301D-499C-B819-DFBD482B4BFF}.Release|Any CPU.Build.0 = Release|Any CPU
		{B8341743-10AB-4100-820D-1D2B55490E28}.Debug|Any CPU.ActiveCfg = Debug|Any CPU
		{B8341743-10AB-4100-820D-1D2B55490E28}.Debug|Any CPU.Build.0 = Debug|Any CPU
		{B8341743-10AB-4100-820D-1D2B55490E28}.Release|Any CPU.ActiveCfg = Release|Any CPU
		{B8341743-10AB-4100-820D-1D2B55490E28}.Release|Any CPU.Build.0 = Release|Any CPU
		{AC8654C2-14A5-4033-8B27-A5759C5312F9}.Debug|Any CPU.ActiveCfg = Debug|Any CPU
		{AC8654C2-14A5-4033-8B27-A5759C5312F9}.Debug|Any CPU.Build.0 = Debug|Any CPU
		{AC8654C2-14A5-4033-8B27-A5759C5312F9}.Release|Any CPU.ActiveCfg = Release|Any CPU
		{AC8654C2-14A5-4033-8B27-A5759C5312F9}.Release|Any CPU.Build.0 = Release|Any CPU
		{5E92AEC5-3C5E-4568-82E3-6A41EAB7FB3C}.Debug|Any CPU.ActiveCfg = Debug|Any CPU
		{5E92AEC5-3C5E-4568-82E3-6A41EAB7FB3C}.Debug|Any CPU.Build.0 = Debug|Any CPU
		{5E92AEC5-3C5E-4568-82E3-6A41EAB7FB3C}.Release|Any CPU.ActiveCfg = Release|Any CPU
		{5E92AEC5-3C5E-4568-82E3-6A41EAB7FB3C}.Release|Any CPU.Build.0 = Release|Any CPU
		{7C860E6B-EC32-4323-A4CD-824675C23C5C}.Debug|Any CPU.ActiveCfg = Debug|Any CPU
		{7C860E6B-EC32-4323-A4CD-824675C23C5C}.Debug|Any CPU.Build.0 = Debug|Any CPU
		{7C860E6B-EC32-4323-A4CD-824675C23C5C}.Release|Any CPU.ActiveCfg = Release|Any CPU
		{7C860E6B-EC32-4323-A4CD-824675C23C5C}.Release|Any CPU.Build.0 = Release|Any CPU
		{56BB1177-5A32-422F-8F2E-493B9DC4719F}.Debug|Any CPU.ActiveCfg = Debug|Any CPU
		{56BB1177-5A32-422F-8F2E-493B9DC4719F}.Debug|Any CPU.Build.0 = Debug|Any CPU
		{56BB1177-5A32-422F-8F2E-493B9DC4719F}.Release|Any CPU.ActiveCfg = Release|Any CPU
		{56BB1177-5A32-422F-8F2E-493B9DC4719F}.Release|Any CPU.Build.0 = Release|Any CPU
	EndGlobalSection
	GlobalSection(SolutionProperties) = preSolution
		HideSolutionNode = FALSE
	EndGlobalSection
	GlobalSection(ExtensibilityGlobals) = postSolution
		SolutionGuid = {C21B7657-1DB0-43F4-B4AC-CF234F3D6D29}
	EndGlobalSection
EndGlobal
